// !$*UTF8*$!
{
	archiveVersion = 1;
	classes = {
	};
	objectVersion = 46;
	objects = {

/* Begin PBXBuildFile section */
		233436541CCEB39200BA92D3 /* UserGroups.swift in Sources */ = {isa = PBXBuildFile; fileRef = 233436531CCEB39200BA92D3 /* UserGroups.swift */; };
		233FD0951CD1BD7600CCAD7F /* MyImageCache.swift in Sources */ = {isa = PBXBuildFile; fileRef = 233FD0941CD1BD7600CCAD7F /* MyImageCache.swift */; };
		233FD09A1CD1C11200CCAD7F /* green.png in Resources */ = {isa = PBXBuildFile; fileRef = 233FD0961CD1C11200CCAD7F /* green.png */; };
		233FD09B1CD1C11200CCAD7F /* red.png in Resources */ = {isa = PBXBuildFile; fileRef = 233FD0971CD1C11200CCAD7F /* red.png */; };
		233FD09C1CD1C11200CCAD7F /* thumbdwn.png in Resources */ = {isa = PBXBuildFile; fileRef = 233FD0981CD1C11200CCAD7F /* thumbdwn.png */; };
		233FD09D1CD1C11200CCAD7F /* thumbup.png in Resources */ = {isa = PBXBuildFile; fileRef = 233FD0991CD1C11200CCAD7F /* thumbup.png */; };
		233FF1CD1CB39A58008126D5 /* test.swift in Sources */ = {isa = PBXBuildFile; fileRef = 233FF1CC1CB39A58008126D5 /* test.swift */; };
		2342200B1CBEFF3C001BF5B8 /* SearchViewController.swift in Sources */ = {isa = PBXBuildFile; fileRef = 2342200A1CBEFF3C001BF5B8 /* SearchViewController.swift */; };
		23423F721C7DD3BC00FA4EE8 /* AppDelegate.swift in Sources */ = {isa = PBXBuildFile; fileRef = 23423F711C7DD3BC00FA4EE8 /* AppDelegate.swift */; };
		23423F741C7DD3BC00FA4EE8 /* ViewController.swift in Sources */ = {isa = PBXBuildFile; fileRef = 23423F731C7DD3BC00FA4EE8 /* ViewController.swift */; };
		23423F771C7DD3BC00FA4EE8 /* Main.storyboard in Resources */ = {isa = PBXBuildFile; fileRef = 23423F751C7DD3BC00FA4EE8 /* Main.storyboard */; };
		23423F791C7DD3BC00FA4EE8 /* Assets.xcassets in Resources */ = {isa = PBXBuildFile; fileRef = 23423F781C7DD3BC00FA4EE8 /* Assets.xcassets */; };
		23423F7C1C7DD3BC00FA4EE8 /* LaunchScreen.storyboard in Resources */ = {isa = PBXBuildFile; fileRef = 23423F7A1C7DD3BC00FA4EE8 /* LaunchScreen.storyboard */; };
		23423F871C7DD3BC00FA4EE8 /* Party_hardyTests.swift in Sources */ = {isa = PBXBuildFile; fileRef = 23423F861C7DD3BC00FA4EE8 /* Party_hardyTests.swift */; };
		23423F921C7DD3BC00FA4EE8 /* Party_hardyUITests.swift in Sources */ = {isa = PBXBuildFile; fileRef = 23423F911C7DD3BC00FA4EE8 /* Party_hardyUITests.swift */; };
		23423FA11C7DD45600FA4EE8 /* Header.m in Sources */ = {isa = PBXBuildFile; fileRef = 23423FA01C7DD45600FA4EE8 /* Header.m */; };
		234AA1451CD448C6005E751E /* userCell.swift in Sources */ = {isa = PBXBuildFile; fileRef = 234AA1441CD448C6005E751E /* userCell.swift */; };
		234AB1E31CBC2A3B00470F39 /* contacts-50.png in Resources */ = {isa = PBXBuildFile; fileRef = 234AB1E01CBC2A3B00470F39 /* contacts-50.png */; };
		234AB1E41CBC2A3B00470F39 /* search-50.png in Resources */ = {isa = PBXBuildFile; fileRef = 234AB1E11CBC2A3B00470F39 /* search-50.png */; };
		234AB1E51CBC2A3B00470F39 /* home-50.png in Resources */ = {isa = PBXBuildFile; fileRef = 234AB1E21CBC2A3B00470F39 /* home-50.png */; };
		234ACCC31CC02EE100F1B2BB /* Users.swift in Sources */ = {isa = PBXBuildFile; fileRef = 234ACCC21CC02EE100F1B2BB /* Users.swift */; };
		2355F9091CD5D27D009E6529 /* FilterViewController.swift in Sources */ = {isa = PBXBuildFile; fileRef = 2355F9081CD5D27D009E6529 /* FilterViewController.swift */; };
		236AD3BE1CAE1A2A00FE7C9E /* veuxload.png in Resources */ = {isa = PBXBuildFile; fileRef = 236AD3BC1CAE1A2A00FE7C9E /* veuxload.png */; };
		236AD3BF1CAE1A2A00FE7C9E /* veuxlogo.png in Resources */ = {isa = PBXBuildFile; fileRef = 236AD3BD1CAE1A2A00FE7C9E /* veuxlogo.png */; };
		236EA4791C7DD85400105F31 /* red-plastic-cup-clipart-Red-Solo-Cup copy.png in Resources */ = {isa = PBXBuildFile; fileRef = 236EA4771C7DD85400105F31 /* red-plastic-cup-clipart-Red-Solo-Cup copy.png */; };
		236EA47A1C7DD85400105F31 /* LoginWithFacebook copy.png in Resources */ = {isa = PBXBuildFile; fileRef = 236EA4781C7DD85400105F31 /* LoginWithFacebook copy.png */; };
		236EA47C1C7DDCD500105F31 /* SignUpViewController.swift in Sources */ = {isa = PBXBuildFile; fileRef = 236EA47B1C7DDCD500105F31 /* SignUpViewController.swift */; };
		237708E81CCB45CD00D93AE3 /* imageNotAvailable.jpg in Resources */ = {isa = PBXBuildFile; fileRef = 237708E71CCB45CD00D93AE3 /* imageNotAvailable.jpg */; };
		238C64341CB8EA58001789A8 /* UserProfileViewController.swift in Sources */ = {isa = PBXBuildFile; fileRef = 238C64331CB8EA58001789A8 /* UserProfileViewController.swift */; };
		238C64361CB9B805001789A8 /* EditProfileViewController.swift in Sources */ = {isa = PBXBuildFile; fileRef = 238C64351CB9B805001789A8 /* EditProfileViewController.swift */; };
		238DB1121CD041AD00183F14 /* SearchCell.swift in Sources */ = {isa = PBXBuildFile; fileRef = 238DB1111CD041AD00183F14 /* SearchCell.swift */; };
		23A4D9C31CD5FE4A0036D0CF /* profileCell.swift in Sources */ = {isa = PBXBuildFile; fileRef = 23A4D9C21CD5FE4A0036D0CF /* profileCell.swift */; };
		23A4D9C51CD666260036D0CF /* CoreLocation.framework in Frameworks */ = {isa = PBXBuildFile; fileRef = 23A4D9C41CD666260036D0CF /* CoreLocation.framework */; };
		23CEFDCD1CD2C97900223FAD /* DetailViewController.swift in Sources */ = {isa = PBXBuildFile; fileRef = 23CEFDCC1CD2C97900223FAD /* DetailViewController.swift */; };
		23CF8F911C8ADC310083344F /* HomeViewController.swift in Sources */ = {isa = PBXBuildFile; fileRef = 23CF8F901C8ADC310083344F /* HomeViewController.swift */; };
		23CF8F931C8ADC5C0083344F /* EventViewController.swift in Sources */ = {isa = PBXBuildFile; fileRef = 23CF8F921C8ADC5C0083344F /* EventViewController.swift */; };
		23EA13301CCA32CC00D882FB /* OtherProfileViewController.swift in Sources */ = {isa = PBXBuildFile; fileRef = 23EA132F1CCA32CC00D882FB /* OtherProfileViewController.swift */; };
		6A04655F7AA30A3A7752998C /* libPods.a in Frameworks */ = {isa = PBXBuildFile; fileRef = 9281CC656C7A72A8CC55E7AD /* libPods.a */; };
		902F82E61C937C400010571C /* HomeCell.swift in Sources */ = {isa = PBXBuildFile; fileRef = 902F82E51C937C400010571C /* HomeCell.swift */; };
/* End PBXBuildFile section */

/* Begin PBXContainerItemProxy section */
		23423F831C7DD3BC00FA4EE8 /* PBXContainerItemProxy */ = {
			isa = PBXContainerItemProxy;
			containerPortal = 23423F661C7DD3BC00FA4EE8 /* Project object */;
			proxyType = 1;
			remoteGlobalIDString = 23423F6D1C7DD3BC00FA4EE8;
			remoteInfo = Party_hardy;
		};
		23423F8E1C7DD3BC00FA4EE8 /* PBXContainerItemProxy */ = {
			isa = PBXContainerItemProxy;
			containerPortal = 23423F661C7DD3BC00FA4EE8 /* Project object */;
			proxyType = 1;
			remoteGlobalIDString = 23423F6D1C7DD3BC00FA4EE8;
			remoteInfo = Party_hardy;
		};
/* End PBXContainerItemProxy section */

/* Begin PBXFileReference section */
		233436531CCEB39200BA92D3 /* UserGroups.swift */ = {isa = PBXFileReference; fileEncoding = 4; lastKnownFileType = sourcecode.swift; path = UserGroups.swift; sourceTree = "<group>"; };
		233FD0941CD1BD7600CCAD7F /* MyImageCache.swift */ = {isa = PBXFileReference; fileEncoding = 4; lastKnownFileType = sourcecode.swift; name = MyImageCache.swift; path = ../MyImageCache.swift; sourceTree = "<group>"; };
		233FD0961CD1C11200CCAD7F /* green.png */ = {isa = PBXFileReference; lastKnownFileType = image.png; path = green.png; sourceTree = "<group>"; };
		233FD0971CD1C11200CCAD7F /* red.png */ = {isa = PBXFileReference; lastKnownFileType = image.png; path = red.png; sourceTree = "<group>"; };
		233FD0981CD1C11200CCAD7F /* thumbdwn.png */ = {isa = PBXFileReference; lastKnownFileType = image.png; path = thumbdwn.png; sourceTree = "<group>"; };
		233FD0991CD1C11200CCAD7F /* thumbup.png */ = {isa = PBXFileReference; lastKnownFileType = image.png; path = thumbup.png; sourceTree = "<group>"; };
		233FF1CC1CB39A58008126D5 /* test.swift */ = {isa = PBXFileReference; fileEncoding = 4; lastKnownFileType = sourcecode.swift; path = test.swift; sourceTree = "<group>"; };
		2342200A1CBEFF3C001BF5B8 /* SearchViewController.swift */ = {isa = PBXFileReference; fileEncoding = 4; lastKnownFileType = sourcecode.swift; path = SearchViewController.swift; sourceTree = "<group>"; };
		23423F6E1C7DD3BC00FA4EE8 /* Party_hardy.app */ = {isa = PBXFileReference; explicitFileType = wrapper.application; includeInIndex = 0; path = Party_hardy.app; sourceTree = BUILT_PRODUCTS_DIR; };
		23423F711C7DD3BC00FA4EE8 /* AppDelegate.swift */ = {isa = PBXFileReference; lastKnownFileType = sourcecode.swift; path = AppDelegate.swift; sourceTree = "<group>"; };
		23423F731C7DD3BC00FA4EE8 /* ViewController.swift */ = {isa = PBXFileReference; lastKnownFileType = sourcecode.swift; path = ViewController.swift; sourceTree = "<group>"; };
		23423F761C7DD3BC00FA4EE8 /* Base */ = {isa = PBXFileReference; lastKnownFileType = file.storyboard; name = Base; path = Base.lproj/Main.storyboard; sourceTree = "<group>"; };
		23423F781C7DD3BC00FA4EE8 /* Assets.xcassets */ = {isa = PBXFileReference; lastKnownFileType = folder.assetcatalog; path = Assets.xcassets; sourceTree = "<group>"; };
		23423F7B1C7DD3BC00FA4EE8 /* Base */ = {isa = PBXFileReference; lastKnownFileType = file.storyboard; name = Base; path = Base.lproj/LaunchScreen.storyboard; sourceTree = "<group>"; };
		23423F7D1C7DD3BC00FA4EE8 /* Info.plist */ = {isa = PBXFileReference; lastKnownFileType = text.plist.xml; path = Info.plist; sourceTree = "<group>"; };
		23423F821C7DD3BC00FA4EE8 /* Party_hardyTests.xctest */ = {isa = PBXFileReference; explicitFileType = wrapper.cfbundle; includeInIndex = 0; path = Party_hardyTests.xctest; sourceTree = BUILT_PRODUCTS_DIR; };
		23423F861C7DD3BC00FA4EE8 /* Party_hardyTests.swift */ = {isa = PBXFileReference; lastKnownFileType = sourcecode.swift; path = Party_hardyTests.swift; sourceTree = "<group>"; };
		23423F881C7DD3BC00FA4EE8 /* Info.plist */ = {isa = PBXFileReference; lastKnownFileType = text.plist.xml; path = Info.plist; sourceTree = "<group>"; };
		23423F8D1C7DD3BC00FA4EE8 /* Party_hardyUITests.xctest */ = {isa = PBXFileReference; explicitFileType = wrapper.cfbundle; includeInIndex = 0; path = Party_hardyUITests.xctest; sourceTree = BUILT_PRODUCTS_DIR; };
		23423F911C7DD3BC00FA4EE8 /* Party_hardyUITests.swift */ = {isa = PBXFileReference; lastKnownFileType = sourcecode.swift; path = Party_hardyUITests.swift; sourceTree = "<group>"; };
		23423F931C7DD3BC00FA4EE8 /* Info.plist */ = {isa = PBXFileReference; lastKnownFileType = text.plist.xml; path = Info.plist; sourceTree = "<group>"; };
		23423F9F1C7DD45500FA4EE8 /* Party_hardy-Bridging-Header.h */ = {isa = PBXFileReference; lastKnownFileType = sourcecode.c.h; path = "Party_hardy-Bridging-Header.h"; sourceTree = "<group>"; };
		23423FA01C7DD45600FA4EE8 /* Header.m */ = {isa = PBXFileReference; fileEncoding = 4; lastKnownFileType = sourcecode.c.objc; path = Header.m; sourceTree = "<group>"; };
		23423FA21C7DD46000FA4EE8 /* Header.h */ = {isa = PBXFileReference; lastKnownFileType = sourcecode.c.h; path = Header.h; sourceTree = "<group>"; };
		234AA1441CD448C6005E751E /* userCell.swift */ = {isa = PBXFileReference; fileEncoding = 4; lastKnownFileType = sourcecode.swift; path = userCell.swift; sourceTree = "<group>"; };
		234AB1E01CBC2A3B00470F39 /* contacts-50.png */ = {isa = PBXFileReference; lastKnownFileType = image.png; path = "contacts-50.png"; sourceTree = "<group>"; };
		234AB1E11CBC2A3B00470F39 /* search-50.png */ = {isa = PBXFileReference; lastKnownFileType = image.png; path = "search-50.png"; sourceTree = "<group>"; };
		234AB1E21CBC2A3B00470F39 /* home-50.png */ = {isa = PBXFileReference; lastKnownFileType = image.png; path = "home-50.png"; sourceTree = "<group>"; };
		234ACCC21CC02EE100F1B2BB /* Users.swift */ = {isa = PBXFileReference; fileEncoding = 4; lastKnownFileType = sourcecode.swift; path = Users.swift; sourceTree = "<group>"; };
		2355F9081CD5D27D009E6529 /* FilterViewController.swift */ = {isa = PBXFileReference; fileEncoding = 4; lastKnownFileType = sourcecode.swift; path = FilterViewController.swift; sourceTree = "<group>"; };
		236AD3BC1CAE1A2A00FE7C9E /* veuxload.png */ = {isa = PBXFileReference; lastKnownFileType = image.png; path = veuxload.png; sourceTree = "<group>"; };
		236AD3BD1CAE1A2A00FE7C9E /* veuxlogo.png */ = {isa = PBXFileReference; lastKnownFileType = image.png; path = veuxlogo.png; sourceTree = "<group>"; };
		236EA4771C7DD85400105F31 /* red-plastic-cup-clipart-Red-Solo-Cup copy.png */ = {isa = PBXFileReference; lastKnownFileType = image.png; path = "red-plastic-cup-clipart-Red-Solo-Cup copy.png"; sourceTree = "<group>"; };
		236EA4781C7DD85400105F31 /* LoginWithFacebook copy.png */ = {isa = PBXFileReference; lastKnownFileType = image.png; path = "LoginWithFacebook copy.png"; sourceTree = "<group>"; };
		236EA47B1C7DDCD500105F31 /* SignUpViewController.swift */ = {isa = PBXFileReference; fileEncoding = 4; lastKnownFileType = sourcecode.swift; path = SignUpViewController.swift; sourceTree = "<group>"; };
		237708E71CCB45CD00D93AE3 /* imageNotAvailable.jpg */ = {isa = PBXFileReference; lastKnownFileType = image.jpeg; path = imageNotAvailable.jpg; sourceTree = "<group>"; };
		238C64331CB8EA58001789A8 /* UserProfileViewController.swift */ = {isa = PBXFileReference; fileEncoding = 4; lastKnownFileType = sourcecode.swift; path = UserProfileViewController.swift; sourceTree = "<group>"; };
		238C64351CB9B805001789A8 /* EditProfileViewController.swift */ = {isa = PBXFileReference; fileEncoding = 4; lastKnownFileType = sourcecode.swift; path = EditProfileViewController.swift; sourceTree = "<group>"; };
		238DB1111CD041AD00183F14 /* SearchCell.swift */ = {isa = PBXFileReference; fileEncoding = 4; lastKnownFileType = sourcecode.swift; path = SearchCell.swift; sourceTree = "<group>"; };
		23A4D9C21CD5FE4A0036D0CF /* profileCell.swift */ = {isa = PBXFileReference; fileEncoding = 4; lastKnownFileType = sourcecode.swift; path = profileCell.swift; sourceTree = "<group>"; };
		23A4D9C41CD666260036D0CF /* CoreLocation.framework */ = {isa = PBXFileReference; lastKnownFileType = wrapper.framework; name = CoreLocation.framework; path = System/Library/Frameworks/CoreLocation.framework; sourceTree = SDKROOT; };
		23CEFDCC1CD2C97900223FAD /* DetailViewController.swift */ = {isa = PBXFileReference; fileEncoding = 4; lastKnownFileType = sourcecode.swift; path = DetailViewController.swift; sourceTree = "<group>"; };
		23CF8F901C8ADC310083344F /* HomeViewController.swift */ = {isa = PBXFileReference; fileEncoding = 4; lastKnownFileType = sourcecode.swift; path = HomeViewController.swift; sourceTree = "<group>"; };
		23CF8F921C8ADC5C0083344F /* EventViewController.swift */ = {isa = PBXFileReference; fileEncoding = 4; lastKnownFileType = sourcecode.swift; path = EventViewController.swift; sourceTree = "<group>"; };
		23EA132F1CCA32CC00D882FB /* OtherProfileViewController.swift */ = {isa = PBXFileReference; fileEncoding = 4; lastKnownFileType = sourcecode.swift; path = OtherProfileViewController.swift; sourceTree = "<group>"; };
		2C797BE13A90103DCDB5C3FE /* Pods.debug.xcconfig */ = {isa = PBXFileReference; includeInIndex = 1; lastKnownFileType = text.xcconfig; name = Pods.debug.xcconfig; path = "Pods/Target Support Files/Pods/Pods.debug.xcconfig"; sourceTree = "<group>"; };
		902F82E51C937C400010571C /* HomeCell.swift */ = {isa = PBXFileReference; fileEncoding = 4; lastKnownFileType = sourcecode.swift; path = HomeCell.swift; sourceTree = "<group>"; };
		9281CC656C7A72A8CC55E7AD /* libPods.a */ = {isa = PBXFileReference; explicitFileType = archive.ar; includeInIndex = 0; path = libPods.a; sourceTree = BUILT_PRODUCTS_DIR; };
		EED064A6CF430A5CD7EC24C3 /* Pods.release.xcconfig */ = {isa = PBXFileReference; includeInIndex = 1; lastKnownFileType = text.xcconfig; name = Pods.release.xcconfig; path = "Pods/Target Support Files/Pods/Pods.release.xcconfig"; sourceTree = "<group>"; };
/* End PBXFileReference section */

/* Begin PBXFrameworksBuildPhase section */
		23423F6B1C7DD3BC00FA4EE8 /* Frameworks */ = {
			isa = PBXFrameworksBuildPhase;
			buildActionMask = 2147483647;
			files = (
				23A4D9C51CD666260036D0CF /* CoreLocation.framework in Frameworks */,
				6A04655F7AA30A3A7752998C /* libPods.a in Frameworks */,
			);
			runOnlyForDeploymentPostprocessing = 0;
		};
		23423F7F1C7DD3BC00FA4EE8 /* Frameworks */ = {
			isa = PBXFrameworksBuildPhase;
			buildActionMask = 2147483647;
			files = (
			);
			runOnlyForDeploymentPostprocessing = 0;
		};
		23423F8A1C7DD3BC00FA4EE8 /* Frameworks */ = {
			isa = PBXFrameworksBuildPhase;
			buildActionMask = 2147483647;
			files = (
			);
			runOnlyForDeploymentPostprocessing = 0;
		};
/* End PBXFrameworksBuildPhase section */

/* Begin PBXGroup section */
		23423F651C7DD3BC00FA4EE8 = {
			isa = PBXGroup;
			children = (
				23423F701C7DD3BC00FA4EE8 /* Party_hardy */,
				23423F851C7DD3BC00FA4EE8 /* Party_hardyTests */,
				23423F901C7DD3BC00FA4EE8 /* Party_hardyUITests */,
				23423F6F1C7DD3BC00FA4EE8 /* Products */,
				549B7CBF30179D8CFD7776E1 /* Pods */,
				F72BD5F87FFB112F486C9B72 /* Frameworks */,
			);
			sourceTree = "<group>";
		};
		23423F6F1C7DD3BC00FA4EE8 /* Products */ = {
			isa = PBXGroup;
			children = (
				23423F6E1C7DD3BC00FA4EE8 /* Party_hardy.app */,
				23423F821C7DD3BC00FA4EE8 /* Party_hardyTests.xctest */,
				23423F8D1C7DD3BC00FA4EE8 /* Party_hardyUITests.xctest */,
			);
			name = Products;
			sourceTree = "<group>";
		};
		23423F701C7DD3BC00FA4EE8 /* Party_hardy */ = {
			isa = PBXGroup;
			children = (
				23423F711C7DD3BC00FA4EE8 /* AppDelegate.swift */,
				23423F751C7DD3BC00FA4EE8 /* Main.storyboard */,
				237708E91CCB45ED00D93AE3 /* Images */,
				237708EE1CCB5BC900D93AE3 /* ViewControllers */,
				237708EC1CCB5BA100D93AE3 /* Headers */,
				237708ED1CCB5BAE00D93AE3 /* Classes */,
				23423F7A1C7DD3BC00FA4EE8 /* LaunchScreen.storyboard */,
				23423F781C7DD3BC00FA4EE8 /* Assets.xcassets */,
				23423F7D1C7DD3BC00FA4EE8 /* Info.plist */,
			);
			path = Party_hardy;
			sourceTree = "<group>";
		};
		23423F851C7DD3BC00FA4EE8 /* Party_hardyTests */ = {
			isa = PBXGroup;
			children = (
				23423F861C7DD3BC00FA4EE8 /* Party_hardyTests.swift */,
				23423F881C7DD3BC00FA4EE8 /* Info.plist */,
			);
			path = Party_hardyTests;
			sourceTree = "<group>";
		};
		23423F901C7DD3BC00FA4EE8 /* Party_hardyUITests */ = {
			isa = PBXGroup;
			children = (
				23423F911C7DD3BC00FA4EE8 /* Party_hardyUITests.swift */,
				23423F931C7DD3BC00FA4EE8 /* Info.plist */,
			);
			path = Party_hardyUITests;
			sourceTree = "<group>";
		};
		237708E91CCB45ED00D93AE3 /* Images */ = {
			isa = PBXGroup;
			children = (
				233FD0961CD1C11200CCAD7F /* green.png */,
				233FD0971CD1C11200CCAD7F /* red.png */,
				233FD0981CD1C11200CCAD7F /* thumbdwn.png */,
				233FD0991CD1C11200CCAD7F /* thumbup.png */,
				236EA4771C7DD85400105F31 /* red-plastic-cup-clipart-Red-Solo-Cup copy.png */,
				236EA4781C7DD85400105F31 /* LoginWithFacebook copy.png */,
				236AD3BC1CAE1A2A00FE7C9E /* veuxload.png */,
				236AD3BD1CAE1A2A00FE7C9E /* veuxlogo.png */,
				234AB1E01CBC2A3B00470F39 /* contacts-50.png */,
				234AB1E11CBC2A3B00470F39 /* search-50.png */,
				234AB1E21CBC2A3B00470F39 /* home-50.png */,
				237708E71CCB45CD00D93AE3 /* imageNotAvailable.jpg */,
			);
			name = Images;
			sourceTree = "<group>";
		};
		237708EC1CCB5BA100D93AE3 /* Headers */ = {
			isa = PBXGroup;
			children = (
				23423FA01C7DD45600FA4EE8 /* Header.m */,
				23423FA21C7DD46000FA4EE8 /* Header.h */,
				23423F9F1C7DD45500FA4EE8 /* Party_hardy-Bridging-Header.h */,
			);
			name = Headers;
			sourceTree = "<group>";
		};
		237708ED1CCB5BAE00D93AE3 /* Classes */ = {
			isa = PBXGroup;
			children = (
				233436531CCEB39200BA92D3 /* UserGroups.swift */,
				233FD0941CD1BD7600CCAD7F /* MyImageCache.swift */,
				234ACCC21CC02EE100F1B2BB /* Users.swift */,
				233FF1CC1CB39A58008126D5 /* test.swift */,
			);
			name = Classes;
			sourceTree = "<group>";
		};
		237708EE1CCB5BC900D93AE3 /* ViewControllers */ = {
			isa = PBXGroup;
			children = (
				2355F9081CD5D27D009E6529 /* FilterViewController.swift */,
				23423F731C7DD3BC00FA4EE8 /* ViewController.swift */,
				236EA47B1C7DDCD500105F31 /* SignUpViewController.swift */,
				23EA132F1CCA32CC00D882FB /* OtherProfileViewController.swift */,
				238C64351CB9B805001789A8 /* EditProfileViewController.swift */,
				238C64331CB8EA58001789A8 /* UserProfileViewController.swift */,
				23CF8F901C8ADC310083344F /* HomeViewController.swift */,
				23CEFDCC1CD2C97900223FAD /* DetailViewController.swift */,
				2342200A1CBEFF3C001BF5B8 /* SearchViewController.swift */,
				23CF8F921C8ADC5C0083344F /* EventViewController.swift */,
				23A4D9C21CD5FE4A0036D0CF /* profileCell.swift */,
				234AA1441CD448C6005E751E /* userCell.swift */,
				902F82E51C937C400010571C /* HomeCell.swift */,
				238DB1111CD041AD00183F14 /* SearchCell.swift */,
			);
			name = ViewControllers;
			sourceTree = "<group>";
		};
		549B7CBF30179D8CFD7776E1 /* Pods */ = {
			isa = PBXGroup;
			children = (
				2C797BE13A90103DCDB5C3FE /* Pods.debug.xcconfig */,
				EED064A6CF430A5CD7EC24C3 /* Pods.release.xcconfig */,
			);
			name = Pods;
			sourceTree = "<group>";
		};
		F72BD5F87FFB112F486C9B72 /* Frameworks */ = {
			isa = PBXGroup;
			children = (
				23A4D9C41CD666260036D0CF /* CoreLocation.framework */,
				9281CC656C7A72A8CC55E7AD /* libPods.a */,
			);
			name = Frameworks;
			sourceTree = "<group>";
		};
/* End PBXGroup section */

/* Begin PBXNativeTarget section */
		23423F6D1C7DD3BC00FA4EE8 /* Party_hardy */ = {
			isa = PBXNativeTarget;
			buildConfigurationList = 23423F961C7DD3BC00FA4EE8 /* Build configuration list for PBXNativeTarget "Party_hardy" */;
			buildPhases = (
				5718EB916E64CB775AA36F1B /* Check Pods Manifest.lock */,
				23423F6A1C7DD3BC00FA4EE8 /* Sources */,
				23423F6B1C7DD3BC00FA4EE8 /* Frameworks */,
				23423F6C1C7DD3BC00FA4EE8 /* Resources */,
				79CD8666F13AD825CAD3537B /* Embed Pods Frameworks */,
				D4612A83A03EC2F9C90AAC7A /* Copy Pods Resources */,
			);
			buildRules = (
			);
			dependencies = (
			);
			name = Party_hardy;
			productName = Party_hardy;
			productReference = 23423F6E1C7DD3BC00FA4EE8 /* Party_hardy.app */;
			productType = "com.apple.product-type.application";
		};
		23423F811C7DD3BC00FA4EE8 /* Party_hardyTests */ = {
			isa = PBXNativeTarget;
			buildConfigurationList = 23423F991C7DD3BC00FA4EE8 /* Build configuration list for PBXNativeTarget "Party_hardyTests" */;
			buildPhases = (
				23423F7E1C7DD3BC00FA4EE8 /* Sources */,
				23423F7F1C7DD3BC00FA4EE8 /* Frameworks */,
				23423F801C7DD3BC00FA4EE8 /* Resources */,
			);
			buildRules = (
			);
			dependencies = (
				23423F841C7DD3BC00FA4EE8 /* PBXTargetDependency */,
			);
			name = Party_hardyTests;
			productName = Party_hardyTests;
			productReference = 23423F821C7DD3BC00FA4EE8 /* Party_hardyTests.xctest */;
			productType = "com.apple.product-type.bundle.unit-test";
		};
		23423F8C1C7DD3BC00FA4EE8 /* Party_hardyUITests */ = {
			isa = PBXNativeTarget;
			buildConfigurationList = 23423F9C1C7DD3BC00FA4EE8 /* Build configuration list for PBXNativeTarget "Party_hardyUITests" */;
			buildPhases = (
				23423F891C7DD3BC00FA4EE8 /* Sources */,
				23423F8A1C7DD3BC00FA4EE8 /* Frameworks */,
				23423F8B1C7DD3BC00FA4EE8 /* Resources */,
			);
			buildRules = (
			);
			dependencies = (
				23423F8F1C7DD3BC00FA4EE8 /* PBXTargetDependency */,
			);
			name = Party_hardyUITests;
			productName = Party_hardyUITests;
			productReference = 23423F8D1C7DD3BC00FA4EE8 /* Party_hardyUITests.xctest */;
			productType = "com.apple.product-type.bundle.ui-testing";
		};
/* End PBXNativeTarget section */

/* Begin PBXProject section */
		23423F661C7DD3BC00FA4EE8 /* Project object */ = {
			isa = PBXProject;
			attributes = {
				LastSwiftUpdateCheck = 0720;
				LastUpgradeCheck = 0720;
				ORGANIZATIONNAME = "Venkata Srujan Chalasani";
				TargetAttributes = {
					23423F6D1C7DD3BC00FA4EE8 = {
						CreatedOnToolsVersion = 7.2.1;
						DevelopmentTeam = 226MJ55BBW;
					};
					23423F811C7DD3BC00FA4EE8 = {
						CreatedOnToolsVersion = 7.2.1;
						TestTargetID = 23423F6D1C7DD3BC00FA4EE8;
					};
					23423F8C1C7DD3BC00FA4EE8 = {
						CreatedOnToolsVersion = 7.2.1;
						TestTargetID = 23423F6D1C7DD3BC00FA4EE8;
					};
				};
			};
			buildConfigurationList = 23423F691C7DD3BC00FA4EE8 /* Build configuration list for PBXProject "Party_hardy" */;
			compatibilityVersion = "Xcode 3.2";
			developmentRegion = English;
			hasScannedForEncodings = 0;
			knownRegions = (
				en,
				Base,
			);
			mainGroup = 23423F651C7DD3BC00FA4EE8;
			productRefGroup = 23423F6F1C7DD3BC00FA4EE8 /* Products */;
			projectDirPath = "";
			projectRoot = "";
			targets = (
				23423F6D1C7DD3BC00FA4EE8 /* Party_hardy */,
				23423F811C7DD3BC00FA4EE8 /* Party_hardyTests */,
				23423F8C1C7DD3BC00FA4EE8 /* Party_hardyUITests */,
			);
		};
/* End PBXProject section */

/* Begin PBXResourcesBuildPhase section */
		23423F6C1C7DD3BC00FA4EE8 /* Resources */ = {
			isa = PBXResourcesBuildPhase;
			buildActionMask = 2147483647;
			files = (
				234AB1E41CBC2A3B00470F39 /* search-50.png in Resources */,
				23423F7C1C7DD3BC00FA4EE8 /* LaunchScreen.storyboard in Resources */,
				236AD3BE1CAE1A2A00FE7C9E /* veuxload.png in Resources */,
				234AB1E51CBC2A3B00470F39 /* home-50.png in Resources */,
				233FD09B1CD1C11200CCAD7F /* red.png in Resources */,
				236EA47A1C7DD85400105F31 /* LoginWithFacebook copy.png in Resources */,
				234AB1E31CBC2A3B00470F39 /* contacts-50.png in Resources */,
				23423F791C7DD3BC00FA4EE8 /* Assets.xcassets in Resources */,
				237708E81CCB45CD00D93AE3 /* imageNotAvailable.jpg in Resources */,
				236AD3BF1CAE1A2A00FE7C9E /* veuxlogo.png in Resources */,
				233FD09C1CD1C11200CCAD7F /* thumbdwn.png in Resources */,
				233FD09A1CD1C11200CCAD7F /* green.png in Resources */,
				23423F771C7DD3BC00FA4EE8 /* Main.storyboard in Resources */,
				236EA4791C7DD85400105F31 /* red-plastic-cup-clipart-Red-Solo-Cup copy.png in Resources */,
				233FD09D1CD1C11200CCAD7F /* thumbup.png in Resources */,
			);
			runOnlyForDeploymentPostprocessing = 0;
		};
		23423F801C7DD3BC00FA4EE8 /* Resources */ = {
			isa = PBXResourcesBuildPhase;
			buildActionMask = 2147483647;
			files = (
			);
			runOnlyForDeploymentPostprocessing = 0;
		};
		23423F8B1C7DD3BC00FA4EE8 /* Resources */ = {
			isa = PBXResourcesBuildPhase;
			buildActionMask = 2147483647;
			files = (
			);
			runOnlyForDeploymentPostprocessing = 0;
		};
/* End PBXResourcesBuildPhase section */

/* Begin PBXShellScriptBuildPhase section */
		5718EB916E64CB775AA36F1B /* Check Pods Manifest.lock */ = {
			isa = PBXShellScriptBuildPhase;
			buildActionMask = 2147483647;
			files = (
			);
			inputPaths = (
			);
			name = "Check Pods Manifest.lock";
			outputPaths = (
			);
			runOnlyForDeploymentPostprocessing = 0;
			shellPath = /bin/sh;
			shellScript = "diff \"${PODS_ROOT}/../Podfile.lock\" \"${PODS_ROOT}/Manifest.lock\" > /dev/null\nif [[ $? != 0 ]] ; then\n    cat << EOM\nerror: The sandbox is not in sync with the Podfile.lock. Run 'pod install' or update your CocoaPods installation.\nEOM\n    exit 1\nfi\n";
			showEnvVarsInLog = 0;
		};
		79CD8666F13AD825CAD3537B /* Embed Pods Frameworks */ = {
			isa = PBXShellScriptBuildPhase;
			buildActionMask = 2147483647;
			files = (
			);
			inputPaths = (
			);
			name = "Embed Pods Frameworks";
			outputPaths = (
			);
			runOnlyForDeploymentPostprocessing = 0;
			shellPath = /bin/sh;
			shellScript = "\"${SRCROOT}/Pods/Target Support Files/Pods/Pods-frameworks.sh\"\n";
			showEnvVarsInLog = 0;
		};
		D4612A83A03EC2F9C90AAC7A /* Copy Pods Resources */ = {
			isa = PBXShellScriptBuildPhase;
			buildActionMask = 2147483647;
			files = (
			);
			inputPaths = (
			);
			name = "Copy Pods Resources";
			outputPaths = (
			);
			runOnlyForDeploymentPostprocessing = 0;
			shellPath = /bin/sh;
			shellScript = "\"${SRCROOT}/Pods/Target Support Files/Pods/Pods-resources.sh\"\n";
			showEnvVarsInLog = 0;
		};
/* End PBXShellScriptBuildPhase section */

/* Begin PBXSourcesBuildPhase section */
		23423F6A1C7DD3BC00FA4EE8 /* Sources */ = {
			isa = PBXSourcesBuildPhase;
			buildActionMask = 2147483647;
			files = (
				238C64361CB9B805001789A8 /* EditProfileViewController.swift in Sources */,
				238C64341CB8EA58001789A8 /* UserProfileViewController.swift in Sources */,
				23EA13301CCA32CC00D882FB /* OtherProfileViewController.swift in Sources */,
				23423F741C7DD3BC00FA4EE8 /* ViewController.swift in Sources */,
				23423FA11C7DD45600FA4EE8 /* Header.m in Sources */,
				234ACCC31CC02EE100F1B2BB /* Users.swift in Sources */,
				234AA1451CD448C6005E751E /* userCell.swift in Sources */,
				902F82E61C937C400010571C /* HomeCell.swift in Sources */,
				23CF8F931C8ADC5C0083344F /* EventViewController.swift in Sources */,
				23A4D9C31CD5FE4A0036D0CF /* profileCell.swift in Sources */,
				23CEFDCD1CD2C97900223FAD /* DetailViewController.swift in Sources */,
				233436541CCEB39200BA92D3 /* UserGroups.swift in Sources */,
				2342200B1CBEFF3C001BF5B8 /* SearchViewController.swift in Sources */,
				236EA47C1C7DDCD500105F31 /* SignUpViewController.swift in Sources */,
				2355F9091CD5D27D009E6529 /* FilterViewController.swift in Sources */,
				23423F721C7DD3BC00FA4EE8 /* AppDelegate.swift in Sources */,
				23CF8F911C8ADC310083344F /* HomeViewController.swift in Sources */,
				233FD0951CD1BD7600CCAD7F /* MyImageCache.swift in Sources */,
				238DB1121CD041AD00183F14 /* SearchCell.swift in Sources */,
				233FF1CD1CB39A58008126D5 /* test.swift in Sources */,
			);
			runOnlyForDeploymentPostprocessing = 0;
		};
		23423F7E1C7DD3BC00FA4EE8 /* Sources */ = {
			isa = PBXSourcesBuildPhase;
			buildActionMask = 2147483647;
			files = (
				23423F871C7DD3BC00FA4EE8 /* Party_hardyTests.swift in Sources */,
			);
			runOnlyForDeploymentPostprocessing = 0;
		};
		23423F891C7DD3BC00FA4EE8 /* Sources */ = {
			isa = PBXSourcesBuildPhase;
			buildActionMask = 2147483647;
			files = (
				23423F921C7DD3BC00FA4EE8 /* Party_hardyUITests.swift in Sources */,
			);
			runOnlyForDeploymentPostprocessing = 0;
		};
/* End PBXSourcesBuildPhase section */

/* Begin PBXTargetDependency section */
		23423F841C7DD3BC00FA4EE8 /* PBXTargetDependency */ = {
			isa = PBXTargetDependency;
			target = 23423F6D1C7DD3BC00FA4EE8 /* Party_hardy */;
			targetProxy = 23423F831C7DD3BC00FA4EE8 /* PBXContainerItemProxy */;
		};
		23423F8F1C7DD3BC00FA4EE8 /* PBXTargetDependency */ = {
			isa = PBXTargetDependency;
			target = 23423F6D1C7DD3BC00FA4EE8 /* Party_hardy */;
			targetProxy = 23423F8E1C7DD3BC00FA4EE8 /* PBXContainerItemProxy */;
		};
/* End PBXTargetDependency section */

/* Begin PBXVariantGroup section */
		23423F751C7DD3BC00FA4EE8 /* Main.storyboard */ = {
			isa = PBXVariantGroup;
			children = (
				23423F761C7DD3BC00FA4EE8 /* Base */,
			);
			name = Main.storyboard;
			sourceTree = "<group>";
		};
		23423F7A1C7DD3BC00FA4EE8 /* LaunchScreen.storyboard */ = {
			isa = PBXVariantGroup;
			children = (
				23423F7B1C7DD3BC00FA4EE8 /* Base */,
			);
			name = LaunchScreen.storyboard;
			sourceTree = "<group>";
		};
/* End PBXVariantGroup section */

/* Begin XCBuildConfiguration section */
		23423F941C7DD3BC00FA4EE8 /* Debug */ = {
			isa = XCBuildConfiguration;
			buildSettings = {
				ALWAYS_SEARCH_USER_PATHS = NO;
				CLANG_CXX_LANGUAGE_STANDARD = "gnu++0x";
				CLANG_CXX_LIBRARY = "libc++";
				CLANG_ENABLE_MODULES = YES;
				CLANG_ENABLE_OBJC_ARC = YES;
				CLANG_WARN_BOOL_CONVERSION = YES;
				CLANG_WARN_CONSTANT_CONVERSION = YES;
				CLANG_WARN_DIRECT_OBJC_ISA_USAGE = YES_ERROR;
				CLANG_WARN_EMPTY_BODY = YES;
				CLANG_WARN_ENUM_CONVERSION = YES;
				CLANG_WARN_INT_CONVERSION = YES;
				CLANG_WARN_OBJC_ROOT_CLASS = YES_ERROR;
				CLANG_WARN_UNREACHABLE_CODE = YES;
				CLANG_WARN__DUPLICATE_METHOD_MATCH = YES;
				"CODE_SIGN_IDENTITY[sdk=iphoneos*]" = "iPhone Developer";
				COPY_PHASE_STRIP = NO;
				DEBUG_INFORMATION_FORMAT = dwarf;
				ENABLE_STRICT_OBJC_MSGSEND = YES;
				ENABLE_TESTABILITY = YES;
				GCC_C_LANGUAGE_STANDARD = gnu99;
				GCC_DYNAMIC_NO_PIC = NO;
				GCC_NO_COMMON_BLOCKS = YES;
				GCC_OPTIMIZATION_LEVEL = 0;
				GCC_PREPROCESSOR_DEFINITIONS = (
					"DEBUG=1",
					"$(inherited)",
				);
				GCC_WARN_64_TO_32_BIT_CONVERSION = YES;
				GCC_WARN_ABOUT_RETURN_TYPE = YES_ERROR;
				GCC_WARN_UNDECLARED_SELECTOR = YES;
				GCC_WARN_UNINITIALIZED_AUTOS = YES_AGGRESSIVE;
				GCC_WARN_UNUSED_FUNCTION = YES;
				GCC_WARN_UNUSED_VARIABLE = YES;
				IPHONEOS_DEPLOYMENT_TARGET = 9.2;
				MTL_ENABLE_DEBUG_INFO = YES;
				ONLY_ACTIVE_ARCH = YES;
				SDKROOT = iphoneos;
				SWIFT_OPTIMIZATION_LEVEL = "-Onone";
				TARGETED_DEVICE_FAMILY = "1,2";
			};
			name = Debug;
		};
		23423F951C7DD3BC00FA4EE8 /* Release */ = {
			isa = XCBuildConfiguration;
			buildSettings = {
				ALWAYS_SEARCH_USER_PATHS = NO;
				CLANG_CXX_LANGUAGE_STANDARD = "gnu++0x";
				CLANG_CXX_LIBRARY = "libc++";
				CLANG_ENABLE_MODULES = YES;
				CLANG_ENABLE_OBJC_ARC = YES;
				CLANG_WARN_BOOL_CONVERSION = YES;
				CLANG_WARN_CONSTANT_CONVERSION = YES;
				CLANG_WARN_DIRECT_OBJC_ISA_USAGE = YES_ERROR;
				CLANG_WARN_EMPTY_BODY = YES;
				CLANG_WARN_ENUM_CONVERSION = YES;
				CLANG_WARN_INT_CONVERSION = YES;
				CLANG_WARN_OBJC_ROOT_CLASS = YES_ERROR;
				CLANG_WARN_UNREACHABLE_CODE = YES;
				CLANG_WARN__DUPLICATE_METHOD_MATCH = YES;
				"CODE_SIGN_IDENTITY[sdk=iphoneos*]" = "iPhone Developer";
				COPY_PHASE_STRIP = NO;
				DEBUG_INFORMATION_FORMAT = "dwarf-with-dsym";
				ENABLE_NS_ASSERTIONS = NO;
				ENABLE_STRICT_OBJC_MSGSEND = YES;
				GCC_C_LANGUAGE_STANDARD = gnu99;
				GCC_NO_COMMON_BLOCKS = YES;
				GCC_WARN_64_TO_32_BIT_CONVERSION = YES;
				GCC_WARN_ABOUT_RETURN_TYPE = YES_ERROR;
				GCC_WARN_UNDECLARED_SELECTOR = YES;
				GCC_WARN_UNINITIALIZED_AUTOS = YES_AGGRESSIVE;
				GCC_WARN_UNUSED_FUNCTION = YES;
				GCC_WARN_UNUSED_VARIABLE = YES;
				IPHONEOS_DEPLOYMENT_TARGET = 9.2;
				MTL_ENABLE_DEBUG_INFO = NO;
				SDKROOT = iphoneos;
				TARGETED_DEVICE_FAMILY = "1,2";
				VALIDATE_PRODUCT = YES;
			};
			name = Release;
		};
		23423F971C7DD3BC00FA4EE8 /* Debug */ = {
			isa = XCBuildConfiguration;
			baseConfigurationReference = 2C797BE13A90103DCDB5C3FE /* Pods.debug.xcconfig */;
			buildSettings = {
				ASSETCATALOG_COMPILER_APPICON_NAME = AppIcon;
				CLANG_ENABLE_MODULES = YES;
				CODE_SIGN_IDENTITY = "iPhone Developer";
				"CODE_SIGN_IDENTITY[sdk=iphoneos*]" = "iPhone Developer";
				INFOPLIST_FILE = Party_hardy/Info.plist;
				LD_RUNPATH_SEARCH_PATHS = "$(inherited) @executable_path/Frameworks";
				PRODUCT_BUNDLE_IDENTIFIER = "Venkata-Chalasani.Veux";
				PRODUCT_NAME = "$(TARGET_NAME)";
				PROVISIONING_PROFILE = "";
				SWIFT_OBJC_BRIDGING_HEADER = "Party_hardy/Party_hardy-Bridging-Header.h";
				SWIFT_OPTIMIZATION_LEVEL = "-Onone";
			};
			name = Debug;
		};
		23423F981C7DD3BC00FA4EE8 /* Release */ = {
			isa = XCBuildConfiguration;
			baseConfigurationReference = EED064A6CF430A5CD7EC24C3 /* Pods.release.xcconfig */;
			buildSettings = {
				ASSETCATALOG_COMPILER_APPICON_NAME = AppIcon;
				CLANG_ENABLE_MODULES = YES;
				CODE_SIGN_IDENTITY = "iPhone Developer";
				"CODE_SIGN_IDENTITY[sdk=iphoneos*]" = "iPhone Developer";
				INFOPLIST_FILE = Party_hardy/Info.plist;
				LD_RUNPATH_SEARCH_PATHS = "$(inherited) @executable_path/Frameworks";
				PRODUCT_BUNDLE_IDENTIFIER = "Venkata-Chalasani.Veux";
				PRODUCT_NAME = "$(TARGET_NAME)";
				PROVISIONING_PROFILE = "";
				SWIFT_OBJC_BRIDGING_HEADER = "Party_hardy/Party_hardy-Bridging-Header.h";
			};
			name = Release;
		};
		23423F9A1C7DD3BC00FA4EE8 /* Debug */ = {
			isa = XCBuildConfiguration;
			buildSettings = {
				BUNDLE_LOADER = "$(TEST_HOST)";
				INFOPLIST_FILE = Party_hardyTests/Info.plist;
				LD_RUNPATH_SEARCH_PATHS = "$(inherited) @executable_path/Frameworks @loader_path/Frameworks";
				PRODUCT_BUNDLE_IDENTIFIER = "Venkata-Chalasani.Party-hardyTests";
				PRODUCT_NAME = "$(TARGET_NAME)";
				TEST_HOST = "$(BUILT_PRODUCTS_DIR)/Party_hardy.app/Party_hardy";
			};
			name = Debug;
		};
		23423F9B1C7DD3BC00FA4EE8 /* Release */ = {
			isa = XCBuildConfiguration;
			buildSettings = {
				BUNDLE_LOADER = "$(TEST_HOST)";
				INFOPLIST_FILE = Party_hardyTests/Info.plist;
				LD_RUNPATH_SEARCH_PATHS = "$(inherited) @executable_path/Frameworks @loader_path/Frameworks";
				PRODUCT_BUNDLE_IDENTIFIER = "Venkata-Chalasani.Party-hardyTests";
				PRODUCT_NAME = "$(TARGET_NAME)";
				TEST_HOST = "$(BUILT_PRODUCTS_DIR)/Party_hardy.app/Party_hardy";
			};
			name = Release;
		};
		23423F9D1C7DD3BC00FA4EE8 /* Debug */ = {
			isa = XCBuildConfiguration;
			buildSettings = {
				INFOPLIST_FILE = Party_hardyUITests/Info.plist;
				LD_RUNPATH_SEARCH_PATHS = "$(inherited) @executable_path/Frameworks @loader_path/Frameworks";
				PRODUCT_BUNDLE_IDENTIFIER = "Venkata-Chalasani.Party-hardyUITests";
				PRODUCT_NAME = "$(TARGET_NAME)";
				TEST_TARGET_NAME = Party_hardy;
				USES_XCTRUNNER = YES;
			};
			name = Debug;
		};
		23423F9E1C7DD3BC00FA4EE8 /* Release */ = {
			isa = XCBuildConfiguration;
			buildSettings = {
				INFOPLIST_FILE = Party_hardyUITests/Info.plist;
				LD_RUNPATH_SEARCH_PATHS = "$(inherited) @executable_path/Frameworks @loader_path/Frameworks";
				PRODUCT_BUNDLE_IDENTIFIER = "Venkata-Chalasani.Party-hardyUITests";
				PRODUCT_NAME = "$(TARGET_NAME)";
				TEST_TARGET_NAME = Party_hardy;
				USES_XCTRUNNER = YES;
			};
			name = Release;
		};
/* End XCBuildConfiguration section */

/* Begin XCConfigurationList section */
		23423F691C7DD3BC00FA4EE8 /* Build configuration list for PBXProject "Party_hardy" */ = {
			isa = XCConfigurationList;
			buildConfigurations = (
				23423F941C7DD3BC00FA4EE8 /* Debug */,
				23423F951C7DD3BC00FA4EE8 /* Release */,
			);
			defaultConfigurationIsVisible = 0;
			defaultConfigurationName = Release;
		};
		23423F961C7DD3BC00FA4EE8 /* Build configuration list for PBXNativeTarget "Party_hardy" */ = {
			isa = XCConfigurationList;
			buildConfigurations = (
				23423F971C7DD3BC00FA4EE8 /* Debug */,
				23423F981C7DD3BC00FA4EE8 /* Release */,
			);
			defaultConfigurationIsVisible = 0;
			defaultConfigurationName = Release;
		};
		23423F991C7DD3BC00FA4EE8 /* Build configuration list for PBXNativeTarget "Party_hardyTests" */ = {
			isa = XCConfigurationList;
			buildConfigurations = (
				23423F9A1C7DD3BC00FA4EE8 /* Debug */,
				23423F9B1C7DD3BC00FA4EE8 /* Release */,
			);
			defaultConfigurationIsVisible = 0;
			defaultConfigurationName = Release;
		};
		23423F9C1C7DD3BC00FA4EE8 /* Build configuration list for PBXNativeTarget "Party_hardyUITests" */ = {
			isa = XCConfigurationList;
			buildConfigurations = (
				23423F9D1C7DD3BC00FA4EE8 /* Debug */,
				23423F9E1C7DD3BC00FA4EE8 /* Release */,
			);
			defaultConfigurationIsVisible = 0;
			defaultConfigurationName = Release;
		};
/* End XCConfigurationList section */
	};
	rootObject = 23423F661C7DD3BC00FA4EE8 /* Project object */;
}
